
Microsoft Visual Studio Solution File, Format Version 12.00
# Visual Studio Version 17
VisualStudioVersion = 17.6.33723.286
MinimumVisualStudioVersion = 10.0.40219.1
Project("{FAE04EC0-301F-11D3-BF4B-00C04F79EFBC}") = "StudentsDetails.UI", "StudentsDetails.UI\StudentsDetails.UI.csproj", "{E94BB690-0036-48D2-906B-0D5947880E1C}"
EndProject
Project("{FAE04EC0-301F-11D3-BF4B-00C04F79EFBC}") = "StudentDetails.Model", "StudentDetails.Model\StudentDetails.Model.csproj", "{10D627BC-6DAD-433D-B9AC-20AA19BE9A85}"
EndProject
Project("{FAE04EC0-301F-11D3-BF4B-00C04F79EFBC}") = "StudentDetails.Rules", "StudentDetails.Rules\StudentDetails.Rules.csproj", "{2F1148D2-ED4C-4BAC-AFD5-415A6FC4A08E}"
EndProject
Project("{FAE04EC0-301F-11D3-BF4B-00C04F79EFBC}") = "StudentDetails.DataAccess", "StudentDetails.DataAccess\StudentDetails.DataAccess.csproj", "{067FA6E6-2B26-4F92-ADCC-FC1FA317EE69}"
EndProject
Global
	GlobalSection(SolutionConfigurationPlatforms) = preSolution
		Debug|Any CPU = Debug|Any CPU
		Release|Any CPU = Release|Any CPU
	EndGlobalSection
	GlobalSection(ProjectConfigurationPlatforms) = postSolution
		{E94BB690-0036-48D2-906B-0D5947880E1C}.Debug|Any CPU.ActiveCfg = Debug|Any CPU
		{E94BB690-0036-48D2-906B-0D5947880E1C}.Debug|Any CPU.Build.0 = Debug|Any CPU
		{E94BB690-0036-48D2-906B-0D5947880E1C}.Release|Any CPU.ActiveCfg = Release|Any CPU
		{E94BB690-0036-48D2-906B-0D5947880E1C}.Release|Any CPU.Build.0 = Release|Any CPU
		{10D627BC-6DAD-433D-B9AC-20AA19BE9A85}.Debug|Any CPU.ActiveCfg = Debug|Any CPU
		{10D627BC-6DAD-433D-B9AC-20AA19BE9A85}.Debug|Any CPU.Build.0 = Debug|Any CPU
		{10D627BC-6DAD-433D-B9AC-20AA19BE9A85}.Release|Any CPU.ActiveCfg = Release|Any CPU
		{10D627BC-6DAD-433D-B9AC-20AA19BE9A85}.Release|Any CPU.Build.0 = Release|Any CPU
		{2F1148D2-ED4C-4BAC-AFD5-415A6FC4A08E}.Debug|Any CPU.ActiveCfg = Debug|Any CPU
		{2F1148D2-ED4C-4BAC-AFD5-415A6FC4A08E}.Debug|Any CPU.Build.0 = Debug|Any CPU
		{2F1148D2-ED4C-4BAC-AFD5-415A6FC4A08E}.Release|Any CPU.ActiveCfg = Release|Any CPU
		{2F1148D2-ED4C-4BAC-AFD5-415A6FC4A08E}.Release|Any CPU.Build.0 = Release|Any CPU
		{067FA6E6-2B26-4F92-ADCC-FC1FA317EE69}.Debug|Any CPU.ActiveCfg = Debug|Any CPU
		{067FA6E6-2B26-4F92-ADCC-FC1FA317EE69}.Debug|Any CPU.Build.0 = Debug|Any CPU
		{067FA6E6-2B26-4F92-ADCC-FC1FA317EE69}.Release|Any CPU.ActiveCfg = Release|Any CPU
		{067FA6E6-2B26-4F92-ADCC-FC1FA317EE69}.Release|Any CPU.Build.0 = Release|Any CPU
	EndGlobalSection
	GlobalSection(SolutionProperties) = preSolution
		HideSolutionNode = FALSE
	EndGlobalSection
	GlobalSection(ExtensibilityGlobals) = postSolution
		SolutionGuid = {C045D5B2-689D-4A92-AB88-697BB34FDCD3}
	EndGlobalSection
EndGlobal
